
Microsoft Visual Studio Solution File, Format Version 12.00
# Visual Studio Version 17
VisualStudioVersion = 17.5.002.0
MinimumVisualStudioVersion = 10.0.40219.1
Project("{9A19103F-16F7-4668-BE54-9A1E7A4F7556}") = "ap2dolucasmenoscorno", "ap2dolucasmenoscorno.csproj", "{8DB4725B-EBDD-4CC8-9EA9-C50BD2068B16}"
EndProject
Global
	GlobalSection(SolutionConfigurationPlatforms) = preSolution
		Debug|Any CPU = Debug|Any CPU
		Release|Any CPU = Release|Any CPU
	EndGlobalSection
	GlobalSection(ProjectConfigurationPlatforms) = postSolution
		{8DB4725B-EBDD-4CC8-9EA9-C50BD2068B16}.Debug|Any CPU.ActiveCfg = Debug|Any CPU
		{8DB4725B-EBDD-4CC8-9EA9-C50BD2068B16}.Debug|Any CPU.Build.0 = Debug|Any CPU
		{8DB4725B-EBDD-4CC8-9EA9-C50BD2068B16}.Release|Any CPU.ActiveCfg = Release|Any CPU
		{8DB4725B-EBDD-4CC8-9EA9-C50BD2068B16}.Release|Any CPU.Build.0 = Release|Any CPU
	EndGlobalSection
	GlobalSection(SolutionProperties) = preSolution
		HideSolutionNode = FALSE
	EndGlobalSection
	GlobalSection(ExtensibilityGlobals) = postSolution
		SolutionGuid = {6990AFDA-47B1-4B7D-8DFD-9BD5BA069F45}
	EndGlobalSection
EndGlobal
